schema: '2.0'
stages:
  get_data:
    cmd: python src/get_data.py
    deps:
    - path: src/get_data.py
      hash: md5
      md5: 5019e35d2c050e38c7e05902d626ea47
      size: 523
    outs:
    - path: smsspamcollection
      hash: md5
      md5: 69700dc670a2d86190d82ac79154445a.dir
      size: 433355
      nfiles: 3
  preprocess:
    cmd: python src/text_preprocessing.py
    deps:
    - path: src/text_preprocessing.py
      hash: md5
      md5: ed0b9c3b0ff2d70215f4e58f517a46cf
      size: 2533
    outs:
    - path: output/preprocessed_data.joblib
      hash: md5
      md5: 97d15171ca8d775595b586f6c94e54df
      size: 251372
    - path: output/preprocessor.joblib
      hash: md5
      md5: 5051c741bd72bad70090cb8c736d5a18
      size: 128521
  train:
    cmd: python src/text_classification.py
    deps:
    - path: src/text_classification.py
      hash: md5
      md5: b84560e8dbbc0c4f8823bb8a7f077f17
      size: 3272
    outs:
    - path: output/misclassified_msgs.txt
      hash: md5
      md5: f2820e64a5755dafbc7ac22c5936de2b
      size: 47039
    - path: output/model.joblib
      hash: md5
      md5: 2458cca4a122b1a592e2c4fc47f50585
      size: 10745
