schema: '2.0'
stages:
  get_data:
    cmd: python src/get_data.py
    deps:
    - path: src/get_data.py
      hash: md5
      md5: aa46ddf40ec2282186479ca951a876ad
      size: 523
    outs:
    - path: smsspamcollection
      hash: md5
      md5: 98c8e6651ea0eec3c8dc40aa13dc0760.dir
      size: 518973
      nfiles: 3
  preprocess:
    cmd: python src/text_preprocessing.py
    deps:
    - path: src/text_preprocessing.py
      hash: md5
      md5: ed0b9c3b0ff2d70215f4e58f517a46cf
      size: 2533
    outs:
    - path: output/preprocessed_data.joblib
      hash: md5
      md5: 97d15171ca8d775595b586f6c94e54df
      size: 251372
    - path: output/preprocessor.joblib
      hash: md5
      md5: 5051c741bd72bad70090cb8c736d5a18
      size: 128521
  train:
    cmd: python src/text_classification.py
    deps:
    - path: src/text_classification.py
      hash: md5
      md5: 29038da66ff55cdd633d5eb1a6164623
      size: 3396
    outs:
    - path: output/accuracy_scores.json
      hash: md5
      md5: aa9e359a3c47c4b04206b86102f6a22c
      size: 189
    - path: output/misclassified_msgs.txt
      hash: md5
      md5: d688cf573d516faf0c137da5e9e0ed24
      size: 47941
    - path: output/model.joblib
      hash: md5
      md5: dd774c94db25789a471f1963aaaaa1b9
      size: 10745
